
Microsoft Visual Studio Solution File, Format Version 12.00
# Visual Studio Version 17
VisualStudioVersion = 17.4.33205.214
MinimumVisualStudioVersion = 10.0.40219.1
Project("{9A19103F-16F7-4668-BE54-9A1E7A4F7556}") = "Trainee", "Trainee.csproj", "{97AEB920-02E8-4794-9D15-C1D8499F51B0}"
EndProject
Project("{9A19103F-16F7-4668-BE54-9A1E7A4F7556}") = "TraineeLib", "..\TraineeLib\TraineeLib.csproj", "{EA485497-9FE9-44F3-84E6-AFEBF72714C8}"
EndProject
Global
	GlobalSection(SolutionConfigurationPlatforms) = preSolution
		Debug|Any CPU = Debug|Any CPU
		Release|Any CPU = Release|Any CPU
	EndGlobalSection
	GlobalSection(ProjectConfigurationPlatforms) = postSolution
		{97AEB920-02E8-4794-9D15-C1D8499F51B0}.Debug|Any CPU.ActiveCfg = Debug|Any CPU
		{97AEB920-02E8-4794-9D15-C1D8499F51B0}.Debug|Any CPU.Build.0 = Debug|Any CPU
		{97AEB920-02E8-4794-9D15-C1D8499F51B0}.Release|Any CPU.ActiveCfg = Release|Any CPU
		{97AEB920-02E8-4794-9D15-C1D8499F51B0}.Release|Any CPU.Build.0 = Release|Any CPU
		{EA485497-9FE9-44F3-84E6-AFEBF72714C8}.Debug|Any CPU.ActiveCfg = Debug|Any CPU
		{EA485497-9FE9-44F3-84E6-AFEBF72714C8}.Debug|Any CPU.Build.0 = Debug|Any CPU
		{EA485497-9FE9-44F3-84E6-AFEBF72714C8}.Release|Any CPU.ActiveCfg = Release|Any CPU
		{EA485497-9FE9-44F3-84E6-AFEBF72714C8}.Release|Any CPU.Build.0 = Release|Any CPU
	EndGlobalSection
	GlobalSection(SolutionProperties) = preSolution
		HideSolutionNode = FALSE
	EndGlobalSection
	GlobalSection(ExtensibilityGlobals) = postSolution
		SolutionGuid = {7560D823-7F57-4B1D-8000-FBE71B660A6E}
	EndGlobalSection
EndGlobal
